
Microsoft Visual Studio Solution File, Format Version 12.00
# Visual Studio 14
VisualStudioVersion = 14.0.25420.1
MinimumVisualStudioVersion = 10.0.40219.1
Project("{9092AA53-FB77-4645-B42D-1CCCA6BD08BD}") = "1-HelloWorld", "1-HelloWorld\1-HelloWorld.njsproj", "{B9A152F4-00C5-47C7-A845-93932A6822EB}"
EndProject
Project("{9092AA53-FB77-4645-B42D-1CCCA6BD08BD}") = "2-io", "2-io\2-io.njsproj", "{DC8D343D-2CDF-4F15-8455-588682DB926E}"
EndProject
Project("{9092AA53-FB77-4645-B42D-1CCCA6BD08BD}") = "3-callback-promise", "3-callback-promise\3-callback-promise.njsproj", "{A494F484-1332-435C-A455-223A9F77996D}"
EndProject
Project("{9092AA53-FB77-4645-B42D-1CCCA6BD08BD}") = "4-module-package", "4-module-package\4-module-package.njsproj", "{3AFE687C-C763-4FCD-9816-087DCA91B25A}"
EndProject
Project("{9092AA53-FB77-4645-B42D-1CCCA6BD08BD}") = "5-express-generator", "5-express-generator\5-express-generator.njsproj", "{66EE258D-3010-48E8-8927-BE2BCECC0599}"
EndProject
Project("{9092AA53-FB77-4645-B42D-1CCCA6BD08BD}") = "6-mongodb-mongoose-mlab", "6-mongodb-mongoose-mlab\6-mongodb-mongoose-mlab.njsproj", "{192CB57D-A69F-4B59-878D-CB3CCD3F3C4F}"
EndProject
Project("{9092AA53-FB77-4645-B42D-1CCCA6BD08BD}") = "7-passport", "7-passport\7-passport.njsproj", "{ED55F870-BF09-4AA7-B702-A918CED9FDB8}"
EndProject
Project("{9092AA53-FB77-4645-B42D-1CCCA6BD08BD}") = "9-ci-test-cd", "9-ci-test-cd\9-ci-test-cd.njsproj", "{11947D6F-6254-4F9A-BA3A-A90B7547ABCC}"
EndProject
Project("{9092AA53-FB77-4645-B42D-1CCCA6BD08BD}") = "8-socketio", "8-socketio\8-socketio.njsproj", "{60057767-1E1C-49C9-8FBA-DF52DBC79A96}"
EndProject
Project("{FAE04EC0-301F-11D3-BF4B-00C04F79EFBC}") = "10-ng-app-module", "10-ng-app-module\10-ng-app-module.csproj", "{2FDC6355-45EF-485E-92F3-4083C93D91D9}"
EndProject
Project("{FAE04EC0-301F-11D3-BF4B-00C04F79EFBC}") = "11-ng-controller-scope", "11-ng-controller-scope\11-ng-controller-scope.csproj", "{B1A70222-884C-440F-90AF-6A0C08FC53AF}"
EndProject
Project("{FAE04EC0-301F-11D3-BF4B-00C04F79EFBC}") = "12-ng-expression-filter", "12-ng-expression-filter\12-ng-expression-filter.csproj", "{A91C322E-C5C1-4C9A-A396-1BC9617D7123}"
EndProject
Global
	GlobalSection(SolutionConfigurationPlatforms) = preSolution
		Debug|Any CPU = Debug|Any CPU
		Release|Any CPU = Release|Any CPU
	EndGlobalSection
	GlobalSection(ProjectConfigurationPlatforms) = postSolution
		{B9A152F4-00C5-47C7-A845-93932A6822EB}.Debug|Any CPU.ActiveCfg = Debug|Any CPU
		{B9A152F4-00C5-47C7-A845-93932A6822EB}.Debug|Any CPU.Build.0 = Debug|Any CPU
		{B9A152F4-00C5-47C7-A845-93932A6822EB}.Release|Any CPU.ActiveCfg = Release|Any CPU
		{B9A152F4-00C5-47C7-A845-93932A6822EB}.Release|Any CPU.Build.0 = Release|Any CPU
		{DC8D343D-2CDF-4F15-8455-588682DB926E}.Debug|Any CPU.ActiveCfg = Debug|Any CPU
		{DC8D343D-2CDF-4F15-8455-588682DB926E}.Debug|Any CPU.Build.0 = Debug|Any CPU
		{DC8D343D-2CDF-4F15-8455-588682DB926E}.Release|Any CPU.ActiveCfg = Release|Any CPU
		{DC8D343D-2CDF-4F15-8455-588682DB926E}.Release|Any CPU.Build.0 = Release|Any CPU
		{A494F484-1332-435C-A455-223A9F77996D}.Debug|Any CPU.ActiveCfg = Debug|Any CPU
		{A494F484-1332-435C-A455-223A9F77996D}.Debug|Any CPU.Build.0 = Debug|Any CPU
		{A494F484-1332-435C-A455-223A9F77996D}.Release|Any CPU.ActiveCfg = Release|Any CPU
		{A494F484-1332-435C-A455-223A9F77996D}.Release|Any CPU.Build.0 = Release|Any CPU
		{3AFE687C-C763-4FCD-9816-087DCA91B25A}.Debug|Any CPU.ActiveCfg = Debug|Any CPU
		{3AFE687C-C763-4FCD-9816-087DCA91B25A}.Debug|Any CPU.Build.0 = Debug|Any CPU
		{3AFE687C-C763-4FCD-9816-087DCA91B25A}.Release|Any CPU.ActiveCfg = Release|Any CPU
		{3AFE687C-C763-4FCD-9816-087DCA91B25A}.Release|Any CPU.Build.0 = Release|Any CPU
		{66EE258D-3010-48E8-8927-BE2BCECC0599}.Debug|Any CPU.ActiveCfg = Debug|Any CPU
		{66EE258D-3010-48E8-8927-BE2BCECC0599}.Debug|Any CPU.Build.0 = Debug|Any CPU
		{66EE258D-3010-48E8-8927-BE2BCECC0599}.Release|Any CPU.ActiveCfg = Release|Any CPU
		{66EE258D-3010-48E8-8927-BE2BCECC0599}.Release|Any CPU.Build.0 = Release|Any CPU
		{192CB57D-A69F-4B59-878D-CB3CCD3F3C4F}.Debug|Any CPU.ActiveCfg = Debug|Any CPU
		{192CB57D-A69F-4B59-878D-CB3CCD3F3C4F}.Debug|Any CPU.Build.0 = Debug|Any CPU
		{192CB57D-A69F-4B59-878D-CB3CCD3F3C4F}.Release|Any CPU.ActiveCfg = Release|Any CPU
		{192CB57D-A69F-4B59-878D-CB3CCD3F3C4F}.Release|Any CPU.Build.0 = Release|Any CPU
		{ED55F870-BF09-4AA7-B702-A918CED9FDB8}.Debug|Any CPU.ActiveCfg = Debug|Any CPU
		{ED55F870-BF09-4AA7-B702-A918CED9FDB8}.Debug|Any CPU.Build.0 = Debug|Any CPU
		{ED55F870-BF09-4AA7-B702-A918CED9FDB8}.Release|Any CPU.ActiveCfg = Release|Any CPU
		{ED55F870-BF09-4AA7-B702-A918CED9FDB8}.Release|Any CPU.Build.0 = Release|Any CPU
		{11947D6F-6254-4F9A-BA3A-A90B7547ABCC}.Debug|Any CPU.ActiveCfg = Debug|Any CPU
		{11947D6F-6254-4F9A-BA3A-A90B7547ABCC}.Debug|Any CPU.Build.0 = Debug|Any CPU
		{11947D6F-6254-4F9A-BA3A-A90B7547ABCC}.Release|Any CPU.ActiveCfg = Release|Any CPU
		{11947D6F-6254-4F9A-BA3A-A90B7547ABCC}.Release|Any CPU.Build.0 = Release|Any CPU
		{60057767-1E1C-49C9-8FBA-DF52DBC79A96}.Debug|Any CPU.ActiveCfg = Debug|Any CPU
		{60057767-1E1C-49C9-8FBA-DF52DBC79A96}.Debug|Any CPU.Build.0 = Debug|Any CPU
		{60057767-1E1C-49C9-8FBA-DF52DBC79A96}.Release|Any CPU.ActiveCfg = Release|Any CPU
		{60057767-1E1C-49C9-8FBA-DF52DBC79A96}.Release|Any CPU.Build.0 = Release|Any CPU
		{2FDC6355-45EF-485E-92F3-4083C93D91D9}.Debug|Any CPU.ActiveCfg = Debug|Any CPU
		{2FDC6355-45EF-485E-92F3-4083C93D91D9}.Debug|Any CPU.Build.0 = Debug|Any CPU
		{2FDC6355-45EF-485E-92F3-4083C93D91D9}.Release|Any CPU.ActiveCfg = Release|Any CPU
		{2FDC6355-45EF-485E-92F3-4083C93D91D9}.Release|Any CPU.Build.0 = Release|Any CPU
		{B1A70222-884C-440F-90AF-6A0C08FC53AF}.Debug|Any CPU.ActiveCfg = Debug|Any CPU
		{B1A70222-884C-440F-90AF-6A0C08FC53AF}.Debug|Any CPU.Build.0 = Debug|Any CPU
		{B1A70222-884C-440F-90AF-6A0C08FC53AF}.Release|Any CPU.ActiveCfg = Release|Any CPU
		{B1A70222-884C-440F-90AF-6A0C08FC53AF}.Release|Any CPU.Build.0 = Release|Any CPU
		{A91C322E-C5C1-4C9A-A396-1BC9617D7123}.Debug|Any CPU.ActiveCfg = Debug|Any CPU
		{A91C322E-C5C1-4C9A-A396-1BC9617D7123}.Debug|Any CPU.Build.0 = Debug|Any CPU
		{A91C322E-C5C1-4C9A-A396-1BC9617D7123}.Release|Any CPU.ActiveCfg = Release|Any CPU
		{A91C322E-C5C1-4C9A-A396-1BC9617D7123}.Release|Any CPU.Build.0 = Release|Any CPU
	EndGlobalSection
	GlobalSection(SolutionProperties) = preSolution
		HideSolutionNode = FALSE
	EndGlobalSection
EndGlobal
